
Microsoft Visual Studio Solution File, Format Version 12.00
# Visual Studio Version 17
VisualStudioVersion = 17.1.32127.271
MinimumVisualStudioVersion = 10.0.40219.1
Project("{9A19103F-16F7-4668-BE54-9A1E7A4F7556}") = "TreeBranch.Microsoft.Extensions.DependencyInjection", "TreeBranch.Microsoft.Extensions.DependencyInjection.csproj", "{FD39E6F5-3D84-41AA-B780-C82D1D34C53F}"
EndProject
Project("{FAE04EC0-301F-11D3-BF4B-00C04F79EFBC}") = "Samples", "..\Samples\Samples.csproj", "{42534BEB-8055-47A5-B4FE-B9074CCAFACF}"
EndProject
Global
	GlobalSection(SolutionConfigurationPlatforms) = preSolution
		Debug|Any CPU = Debug|Any CPU
		Release|Any CPU = Release|Any CPU
	EndGlobalSection
	GlobalSection(ProjectConfigurationPlatforms) = postSolution
		{FD39E6F5-3D84-41AA-B780-C82D1D34C53F}.Debug|Any CPU.ActiveCfg = Debug|Any CPU
		{FD39E6F5-3D84-41AA-B780-C82D1D34C53F}.Debug|Any CPU.Build.0 = Debug|Any CPU
		{FD39E6F5-3D84-41AA-B780-C82D1D34C53F}.Release|Any CPU.ActiveCfg = Release|Any CPU
		{FD39E6F5-3D84-41AA-B780-C82D1D34C53F}.Release|Any CPU.Build.0 = Release|Any CPU
		{42534BEB-8055-47A5-B4FE-B9074CCAFACF}.Debug|Any CPU.ActiveCfg = Debug|Any CPU
		{42534BEB-8055-47A5-B4FE-B9074CCAFACF}.Debug|Any CPU.Build.0 = Debug|Any CPU
		{42534BEB-8055-47A5-B4FE-B9074CCAFACF}.Release|Any CPU.ActiveCfg = Release|Any CPU
		{42534BEB-8055-47A5-B4FE-B9074CCAFACF}.Release|Any CPU.Build.0 = Release|Any CPU
	EndGlobalSection
	GlobalSection(SolutionProperties) = preSolution
		HideSolutionNode = FALSE
	EndGlobalSection
	GlobalSection(ExtensibilityGlobals) = postSolution
		SolutionGuid = {85BA8CCA-56F5-4B80-9E51-C7020DE1FCC5}
	EndGlobalSection
EndGlobal
