
Microsoft Visual Studio Solution File, Format Version 12.00
# Visual Studio Version 17
VisualStudioVersion = 17.1.32127.271
MinimumVisualStudioVersion = 10.0.40219.1
Project("{9A19103F-16F7-4668-BE54-9A1E7A4F7556}") = "Samples", "Samples.csproj", "{17EAA990-F9BB-4EEC-B9F2-194BD352C630}"
EndProject
Project("{9A19103F-16F7-4668-BE54-9A1E7A4F7556}") = "TreeNodes", "..\src\TreeNodes\TreeNodes.csproj", "{FA0C054B-047B-4FBF-8F9D-D3B9C4D42B43}"
EndProject
Project("{9A19103F-16F7-4668-BE54-9A1E7A4F7556}") = "TreeNodes.Test", "..\src\TreeNodes.Test\TreeNodes.Test.csproj", "{821D006D-D706-437D-A58F-25D0593C0088}"
EndProject
Global
	GlobalSection(SolutionConfigurationPlatforms) = preSolution
		Debug|Any CPU = Debug|Any CPU
		Release|Any CPU = Release|Any CPU
	EndGlobalSection
	GlobalSection(ProjectConfigurationPlatforms) = postSolution
		{17EAA990-F9BB-4EEC-B9F2-194BD352C630}.Debug|Any CPU.ActiveCfg = Debug|Any CPU
		{17EAA990-F9BB-4EEC-B9F2-194BD352C630}.Debug|Any CPU.Build.0 = Debug|Any CPU
		{17EAA990-F9BB-4EEC-B9F2-194BD352C630}.Release|Any CPU.ActiveCfg = Release|Any CPU
		{17EAA990-F9BB-4EEC-B9F2-194BD352C630}.Release|Any CPU.Build.0 = Release|Any CPU
		{FA0C054B-047B-4FBF-8F9D-D3B9C4D42B43}.Debug|Any CPU.ActiveCfg = Debug|Any CPU
		{FA0C054B-047B-4FBF-8F9D-D3B9C4D42B43}.Debug|Any CPU.Build.0 = Debug|Any CPU
		{FA0C054B-047B-4FBF-8F9D-D3B9C4D42B43}.Release|Any CPU.ActiveCfg = Release|Any CPU
		{FA0C054B-047B-4FBF-8F9D-D3B9C4D42B43}.Release|Any CPU.Build.0 = Release|Any CPU
		{821D006D-D706-437D-A58F-25D0593C0088}.Debug|Any CPU.ActiveCfg = Debug|Any CPU
		{821D006D-D706-437D-A58F-25D0593C0088}.Debug|Any CPU.Build.0 = Debug|Any CPU
		{821D006D-D706-437D-A58F-25D0593C0088}.Release|Any CPU.ActiveCfg = Release|Any CPU
		{821D006D-D706-437D-A58F-25D0593C0088}.Release|Any CPU.Build.0 = Release|Any CPU
	EndGlobalSection
	GlobalSection(SolutionProperties) = preSolution
		HideSolutionNode = FALSE
	EndGlobalSection
	GlobalSection(ExtensibilityGlobals) = postSolution
		SolutionGuid = {CFA74BA1-1412-43EA-8A21-02FD61D2FB1F}
	EndGlobalSection
EndGlobal
